// !$*UTF8*$!
{
	archiveVersion = 1;
	classes = {
	};
	objectVersion = 46;
	objects = {

/* Begin PBXBuildFile section */
		0C5B0CEB7B4ED5B0E0F6CB9C /* Pods_StarTappedTests.framework in Frameworks */ = {isa = PBXBuildFile; fileRef = 3E0BE1CA3E02FCE0E8C1F292 /* Pods_StarTappedTests.framework */; };
		191D827EB6D48A0F209484E1 /* Pods_StarTapped.framework in Frameworks */ = {isa = PBXBuildFile; fileRef = F8F11554B442D2106A4E6237 /* Pods_StarTapped.framework */; };
		6D476EFA877B2B16073FF404 /* Pods_StarTappedUITests.framework in Frameworks */ = {isa = PBXBuildFile; fileRef = AB41B7EA209269D765B4C061 /* Pods_StarTappedUITests.framework */; };
		8078782C21E3BFDB0011BF9D /* Settings.swift in Sources */ = {isa = PBXBuildFile; fileRef = 8078782B21E3BFDB0011BF9D /* Settings.swift */; };
		8078782E21E3E27C0011BF9D /* RegisterTask.swift in Sources */ = {isa = PBXBuildFile; fileRef = 8078782D21E3E27C0011BF9D /* RegisterTask.swift */; };
		8078783021E3E5700011BF9D /* LogoutTask.swift in Sources */ = {isa = PBXBuildFile; fileRef = 8078782F21E3E5700011BF9D /* LogoutTask.swift */; };
		8078783221E3E6130011BF9D /* TokenRefreshTask.swift in Sources */ = {isa = PBXBuildFile; fileRef = 8078783121E3E6130011BF9D /* TokenRefreshTask.swift */; };
		8078783521E4232F0011BF9D /* SplashController.swift in Sources */ = {isa = PBXBuildFile; fileRef = 8078783421E4232F0011BF9D /* SplashController.swift */; };
		8078783721E426A00011BF9D /* Auth.storyboard in Resources */ = {isa = PBXBuildFile; fileRef = 8078783621E426A00011BF9D /* Auth.storyboard */; };
		80AFA5CE21E428D20072A227 /* AuthController.swift in Sources */ = {isa = PBXBuildFile; fileRef = 80AFA5CD21E428D20072A227 /* AuthController.swift */; };
		80AFA5D321E442C00072A227 /* GetAccountTask.swift in Sources */ = {isa = PBXBuildFile; fileRef = 80AFA5D221E442C00072A227 /* GetAccountTask.swift */; };
		80AFA5D521E444960072A227 /* UpdateAccountTask.swift in Sources */ = {isa = PBXBuildFile; fileRef = 80AFA5D421E444960072A227 /* UpdateAccountTask.swift */; };
		80AFA5D721E4476F0072A227 /* GetAccountForBlogView.swift in Sources */ = {isa = PBXBuildFile; fileRef = 80AFA5D621E4476F0072A227 /* GetAccountForBlogView.swift */; };
		80AFA5DB21E504010072A227 /* FileUtils.swift in Sources */ = {isa = PBXBuildFile; fileRef = 80AFA5DA21E504010072A227 /* FileUtils.swift */; };
		80AFA5DD21E508580072A227 /* MimeTypes.swift in Sources */ = {isa = PBXBuildFile; fileRef = 80AFA5DC21E508580072A227 /* MimeTypes.swift */; };
		80AFA5DF21E50CDA0072A227 /* Hub.storyboard in Resources */ = {isa = PBXBuildFile; fileRef = 80AFA5DE21E50CDA0072A227 /* Hub.storyboard */; };
		80AFA5E121E50D410072A227 /* HubController.swift in Sources */ = {isa = PBXBuildFile; fileRef = 80AFA5E021E50D410072A227 /* HubController.swift */; };
		80C6D64D21E19576008675BC /* AccountAuthentication.swift in Sources */ = {isa = PBXBuildFile; fileRef = 80C6D64C21E19576008675BC /* AccountAuthentication.swift */; };
		80C6D65021E197C1008675BC /* TimeUtils.swift in Sources */ = {isa = PBXBuildFile; fileRef = 80C6D64F21E197C1008675BC /* TimeUtils.swift */; };
		80EB1A0621E1C4FD000A51A2 /* Post.swift in Sources */ = {isa = PBXBuildFile; fileRef = 80EB1A0521E1C4FD000A51A2 /* Post.swift */; };
		80EB1A0821E1D2B5000A51A2 /* TextPost.swift in Sources */ = {isa = PBXBuildFile; fileRef = 80EB1A0721E1D2B5000A51A2 /* TextPost.swift */; };
		80EB1A0A21E1D314000A51A2 /* ImagePost.swift in Sources */ = {isa = PBXBuildFile; fileRef = 80EB1A0921E1D314000A51A2 /* ImagePost.swift */; };
		80EB1A0C21E1D434000A51A2 /* AudioPost.swift in Sources */ = {isa = PBXBuildFile; fileRef = 80EB1A0B21E1D434000A51A2 /* AudioPost.swift */; };
		80EB1A0E21E1D4C2000A51A2 /* VideoPost.swift in Sources */ = {isa = PBXBuildFile; fileRef = 80EB1A0D21E1D4C2000A51A2 /* VideoPost.swift */; };
		80EB1A1221E26858000A51A2 /* TaskType.swift in Sources */ = {isa = PBXBuildFile; fileRef = 80EB1A1121E26858000A51A2 /* TaskType.swift */; };
		80EB1A1521E26A5B000A51A2 /* NetworkCallStatus.swift in Sources */ = {isa = PBXBuildFile; fileRef = 80EB1A1421E26A5B000A51A2 /* NetworkCallStatus.swift */; };
		80EB1A1721E26C91000A51A2 /* TaskCallback.swift in Sources */ = {isa = PBXBuildFile; fileRef = 80EB1A1621E26C91000A51A2 /* TaskCallback.swift */; };
		CDDD2162E9FF00B6ADEC0F4B /* UpdateBlogTask.swift in Sources */ = {isa = PBXBuildFile; fileRef = CDDD2962CF930FF2A5CBD505 /* UpdateBlogTask.swift */; };
		CDDD21C7BAB37DDC019A47F0 /* GetFollowersAccountTask.swift in Sources */ = {isa = PBXBuildFile; fileRef = CDDD2282E9E406ECD6405C9D /* GetFollowersAccountTask.swift */; };
		CDDD22070EB51F959CAE86A1 /* Main.storyboard in Resources */ = {isa = PBXBuildFile; fileRef = CDDD2E0B19AA74F1974FB46C /* Main.storyboard */; };
		CDDD23E0A55789F0206D8F62 /* UnfollowBlogTask.swift in Sources */ = {isa = PBXBuildFile; fileRef = CDDD2E741D083E36942FF6FD /* UnfollowBlogTask.swift */; };
		CDDD246384DAD19A817380C2 /* GroupBlog.swift in Sources */ = {isa = PBXBuildFile; fileRef = CDDD2C1B26CDDDE7A9AC4226 /* GroupBlog.swift */; };
		CDDD246E77840A1E52DE7BFB /* AppDelegate.swift in Sources */ = {isa = PBXBuildFile; fileRef = CDDD2B6F3C21D2E1815A62D0 /* AppDelegate.swift */; };
		CDDD24F5F72C0EF8C76CECFA /* BlogType.swift in Sources */ = {isa = PBXBuildFile; fileRef = CDDD2A61C28CD1C2451DACE3 /* BlogType.swift */; };
		CDDD2522015056D10FF46CE8 /* LICENSE.txt in Resources */ = {isa = PBXBuildFile; fileRef = CDDD2807411F59A7D471641E /* LICENSE.txt */; };
		CDDD25C96BE7A8FB6D581692 /* Assets.xcassets in Resources */ = {isa = PBXBuildFile; fileRef = CDDD2DF093C7172083428412 /* Assets.xcassets */; };
		CDDD2637B1552E4303E8B92D /* StarTappedUITests.swift in Sources */ = {isa = PBXBuildFile; fileRef = CDDD29B71C301A15441FEF11 /* StarTappedUITests.swift */; };
		CDDD26D7F5DB879E869154F3 /* FollowBlogTask.swift in Sources */ = {isa = PBXBuildFile; fileRef = CDDD2C3B10F51FF7E4CF11BD /* FollowBlogTask.swift */; };
		CDDD2738A0F45486BF1EABC6 /* AsyncTask.swift in Sources */ = {isa = PBXBuildFile; fileRef = CDDD2C42978BF2DEFAE3B6D0 /* AsyncTask.swift */; };
		CDDD29329F28278CCC31B4B3 /* PersonalBlog.swift in Sources */ = {isa = PBXBuildFile; fileRef = CDDD24E9C3A24587B156424E /* PersonalBlog.swift */; };
		CDDD29719B46F347C861D561 /* Account.swift in Sources */ = {isa = PBXBuildFile; fileRef = CDDD222CD0228473949E3DB9 /* Account.swift */; };
		CDDD29E22B13C2D38E5F770F /* Blog.swift in Sources */ = {isa = PBXBuildFile; fileRef = CDDD203B6E0736BD9CD55386 /* Blog.swift */; };
		CDDD2AEEF6BA25EF15A5FCB3 /* GetBlogViewTask.swift in Sources */ = {isa = PBXBuildFile; fileRef = CDDD27FEA60925F7197AEAA3 /* GetBlogViewTask.swift */; };
		CDDD2B295F4DA9A22FF1663F /* GetFollowingBlogsTask.swift in Sources */ = {isa = PBXBuildFile; fileRef = CDDD2F75E9240D447491A89B /* GetFollowingBlogsTask.swift */; };
		CDDD2B7B13A554F76F083AF0 /* Validator.swift in Sources */ = {isa = PBXBuildFile; fileRef = CDDD281FD34CCEA14F12DB54 /* Validator.swift */; };
		CDDD2C093AEC4826F10BBCE7 /* LoginTask.swift in Sources */ = {isa = PBXBuildFile; fileRef = CDDD274F81ABDE2FC18C9891 /* LoginTask.swift */; };
		CDDD2D3D5A1DF16F9A8A1C08 /* NetworkTask.swift in Sources */ = {isa = PBXBuildFile; fileRef = CDDD2648F0B6093ADB2A7211 /* NetworkTask.swift */; };
		CDDD2D84EFA176CB216CC8F2 /* StarTappedTests.swift in Sources */ = {isa = PBXBuildFile; fileRef = CDDD239F3A388B1DAD751618 /* StarTappedTests.swift */; };
		CDDD2DF1E9AF8CB833129803 /* GetBlogsSelfTask.swift in Sources */ = {isa = PBXBuildFile; fileRef = CDDD2A7FC9F28D235B95FFE1 /* GetBlogsSelfTask.swift */; };
		CDDD2E032FF9DE99A828A185 /* CreateBlogTask.swift in Sources */ = {isa = PBXBuildFile; fileRef = CDDD265276D46B0BD63A3987 /* CreateBlogTask.swift */; };
		CDDD2EAEE6152889A7F8326B /* README.md in Sources */ = {isa = PBXBuildFile; fileRef = CDDD296BEBE82F09CF7F4CAF /* README.md */; };
		CDDD2EC6AE87403310FD7C2D /* LaunchScreen.storyboard in Resources */ = {isa = PBXBuildFile; fileRef = CDDD25E9A99AA347D37DAC98 /* LaunchScreen.storyboard */; };
		CDDD2ED84BF8C162EBE0374E /* PostType.swift in Sources */ = {isa = PBXBuildFile; fileRef = CDDD2B8FA52FFFD1508C5D76 /* PostType.swift */; };
/* End PBXBuildFile section */

/* Begin PBXContainerItemProxy section */
		CDDD26E9930F3DB82C7C8D45 /* PBXContainerItemProxy */ = {
			isa = PBXContainerItemProxy;
			containerPortal = CDDD22654E371FE29094CA45 /* Project object */;
			proxyType = 1;
			remoteGlobalIDString = CDDD20F913BEEB55939C043F;
			remoteInfo = StarTapped;
		};
		CDDD2FFED1CCD1B8E7B21ADD /* PBXContainerItemProxy */ = {
			isa = PBXContainerItemProxy;
			containerPortal = CDDD22654E371FE29094CA45 /* Project object */;
			proxyType = 1;
			remoteGlobalIDString = CDDD20F913BEEB55939C043F;
			remoteInfo = StarTapped;
		};
/* End PBXContainerItemProxy section */

/* Begin PBXFileReference section */
		00E16CA059F87C408748EED7 /* Pods-StarTappedUITests.release.xcconfig */ = {isa = PBXFileReference; includeInIndex = 1; lastKnownFileType = text.xcconfig; name = "Pods-StarTappedUITests.release.xcconfig"; path = "Target Support Files/Pods-StarTappedUITests/Pods-StarTappedUITests.release.xcconfig"; sourceTree = "<group>"; };
		01100F17B25DE282A5408811 /* Pods-StarTapped.debug.xcconfig */ = {isa = PBXFileReference; includeInIndex = 1; lastKnownFileType = text.xcconfig; name = "Pods-StarTapped.debug.xcconfig"; path = "Target Support Files/Pods-StarTapped/Pods-StarTapped.debug.xcconfig"; sourceTree = "<group>"; };
		10D57B117DC6C4E3E814921E /* Pods-StarTapped.release.xcconfig */ = {isa = PBXFileReference; includeInIndex = 1; lastKnownFileType = text.xcconfig; name = "Pods-StarTapped.release.xcconfig"; path = "Target Support Files/Pods-StarTapped/Pods-StarTapped.release.xcconfig"; sourceTree = "<group>"; };
		260D6363F27CBD911BB58F0F /* Pods-StarTappedTests.release.xcconfig */ = {isa = PBXFileReference; includeInIndex = 1; lastKnownFileType = text.xcconfig; name = "Pods-StarTappedTests.release.xcconfig"; path = "Target Support Files/Pods-StarTappedTests/Pods-StarTappedTests.release.xcconfig"; sourceTree = "<group>"; };
		3E0BE1CA3E02FCE0E8C1F292 /* Pods_StarTappedTests.framework */ = {isa = PBXFileReference; explicitFileType = wrapper.framework; includeInIndex = 0; path = Pods_StarTappedTests.framework; sourceTree = BUILT_PRODUCTS_DIR; };
		44AEF73B41A4088C7CD5E11E /* Pods-StarTappedTests.debug.xcconfig */ = {isa = PBXFileReference; includeInIndex = 1; lastKnownFileType = text.xcconfig; name = "Pods-StarTappedTests.debug.xcconfig"; path = "Target Support Files/Pods-StarTappedTests/Pods-StarTappedTests.debug.xcconfig"; sourceTree = "<group>"; };
		8078782B21E3BFDB0011BF9D /* Settings.swift */ = {isa = PBXFileReference; lastKnownFileType = sourcecode.swift; path = Settings.swift; sourceTree = "<group>"; };
		8078782D21E3E27C0011BF9D /* RegisterTask.swift */ = {isa = PBXFileReference; lastKnownFileType = sourcecode.swift; path = RegisterTask.swift; sourceTree = "<group>"; };
		8078782F21E3E5700011BF9D /* LogoutTask.swift */ = {isa = PBXFileReference; lastKnownFileType = sourcecode.swift; path = LogoutTask.swift; sourceTree = "<group>"; };
		8078783121E3E6130011BF9D /* TokenRefreshTask.swift */ = {isa = PBXFileReference; lastKnownFileType = sourcecode.swift; path = TokenRefreshTask.swift; sourceTree = "<group>"; };
		8078783421E4232F0011BF9D /* SplashController.swift */ = {isa = PBXFileReference; lastKnownFileType = sourcecode.swift; path = SplashController.swift; sourceTree = "<group>"; };
		8078783621E426A00011BF9D /* Auth.storyboard */ = {isa = PBXFileReference; lastKnownFileType = file.storyboard; path = Auth.storyboard; sourceTree = "<group>"; };
		808DDF1721E14163005046B5 /* StarTapped.entitlements */ = {isa = PBXFileReference; lastKnownFileType = text.plist.entitlements; path = StarTapped.entitlements; sourceTree = "<group>"; };
		80AFA5CD21E428D20072A227 /* AuthController.swift */ = {isa = PBXFileReference; lastKnownFileType = sourcecode.swift; path = AuthController.swift; sourceTree = "<group>"; };
		80AFA5D221E442C00072A227 /* GetAccountTask.swift */ = {isa = PBXFileReference; lastKnownFileType = sourcecode.swift; path = GetAccountTask.swift; sourceTree = "<group>"; };
		80AFA5D421E444960072A227 /* UpdateAccountTask.swift */ = {isa = PBXFileReference; lastKnownFileType = sourcecode.swift; path = UpdateAccountTask.swift; sourceTree = "<group>"; };
		80AFA5D621E4476F0072A227 /* GetAccountForBlogView.swift */ = {isa = PBXFileReference; lastKnownFileType = sourcecode.swift; path = GetAccountForBlogView.swift; sourceTree = "<group>"; };
		80AFA5DA21E504010072A227 /* FileUtils.swift */ = {isa = PBXFileReference; lastKnownFileType = sourcecode.swift; path = FileUtils.swift; sourceTree = "<group>"; };
		80AFA5DC21E508580072A227 /* MimeTypes.swift */ = {isa = PBXFileReference; lastKnownFileType = sourcecode.swift; path = MimeTypes.swift; sourceTree = "<group>"; };
		80AFA5DE21E50CDA0072A227 /* Hub.storyboard */ = {isa = PBXFileReference; lastKnownFileType = file.storyboard; path = Hub.storyboard; sourceTree = "<group>"; };
		80AFA5E021E50D410072A227 /* HubController.swift */ = {isa = PBXFileReference; lastKnownFileType = sourcecode.swift; path = HubController.swift; sourceTree = "<group>"; };
		80C6D64C21E19576008675BC /* AccountAuthentication.swift */ = {isa = PBXFileReference; lastKnownFileType = sourcecode.swift; path = AccountAuthentication.swift; sourceTree = "<group>"; };
		80C6D64F21E197C1008675BC /* TimeUtils.swift */ = {isa = PBXFileReference; lastKnownFileType = sourcecode.swift; path = TimeUtils.swift; sourceTree = "<group>"; };
		80EB1A0521E1C4FD000A51A2 /* Post.swift */ = {isa = PBXFileReference; lastKnownFileType = sourcecode.swift; path = Post.swift; sourceTree = "<group>"; };
		80EB1A0721E1D2B5000A51A2 /* TextPost.swift */ = {isa = PBXFileReference; lastKnownFileType = sourcecode.swift; path = TextPost.swift; sourceTree = "<group>"; };
		80EB1A0921E1D314000A51A2 /* ImagePost.swift */ = {isa = PBXFileReference; lastKnownFileType = sourcecode.swift; path = ImagePost.swift; sourceTree = "<group>"; };
		80EB1A0B21E1D434000A51A2 /* AudioPost.swift */ = {isa = PBXFileReference; lastKnownFileType = sourcecode.swift; path = AudioPost.swift; sourceTree = "<group>"; };
		80EB1A0D21E1D4C2000A51A2 /* VideoPost.swift */ = {isa = PBXFileReference; lastKnownFileType = sourcecode.swift; path = VideoPost.swift; sourceTree = "<group>"; };
		80EB1A1121E26858000A51A2 /* TaskType.swift */ = {isa = PBXFileReference; lastKnownFileType = sourcecode.swift; path = TaskType.swift; sourceTree = "<group>"; };
		80EB1A1421E26A5B000A51A2 /* NetworkCallStatus.swift */ = {isa = PBXFileReference; lastKnownFileType = sourcecode.swift; path = NetworkCallStatus.swift; sourceTree = "<group>"; };
		80EB1A1621E26C91000A51A2 /* TaskCallback.swift */ = {isa = PBXFileReference; lastKnownFileType = sourcecode.swift; path = TaskCallback.swift; sourceTree = "<group>"; };
		AB41B7EA209269D765B4C061 /* Pods_StarTappedUITests.framework */ = {isa = PBXFileReference; explicitFileType = wrapper.framework; includeInIndex = 0; path = Pods_StarTappedUITests.framework; sourceTree = BUILT_PRODUCTS_DIR; };
		CDDD203B6E0736BD9CD55386 /* Blog.swift */ = {isa = PBXFileReference; fileEncoding = 4; lastKnownFileType = sourcecode.swift; path = Blog.swift; sourceTree = "<group>"; };
		CDDD222CD0228473949E3DB9 /* Account.swift */ = {isa = PBXFileReference; fileEncoding = 4; lastKnownFileType = sourcecode.swift; name = Account.swift; path = StarTapped/Objects/Account/Account.swift; sourceTree = SOURCE_ROOT; };
		CDDD2282E9E406ECD6405C9D /* GetFollowersAccountTask.swift */ = {isa = PBXFileReference; fileEncoding = 4; lastKnownFileType = sourcecode.swift; path = GetFollowersAccountTask.swift; sourceTree = "<group>"; };
		CDDD229A3445D01E19277DF7 /* Info.plist */ = {isa = PBXFileReference; lastKnownFileType = text.plist.info; path = Info.plist; sourceTree = "<group>"; };
		CDDD239F3A388B1DAD751618 /* StarTappedTests.swift */ = {isa = PBXFileReference; lastKnownFileType = sourcecode.swift; path = StarTappedTests.swift; sourceTree = "<group>"; };
		CDDD23DCDCF7DC0CFA92809D /* StarTappedUITests.xctest */ = {isa = PBXFileReference; explicitFileType = wrapper.cfbundle; includeInIndex = 0; path = StarTappedUITests.xctest; sourceTree = BUILT_PRODUCTS_DIR; };
		CDDD24E9C3A24587B156424E /* PersonalBlog.swift */ = {isa = PBXFileReference; fileEncoding = 4; lastKnownFileType = sourcecode.swift; path = PersonalBlog.swift; sourceTree = "<group>"; };
		CDDD2648F0B6093ADB2A7211 /* NetworkTask.swift */ = {isa = PBXFileReference; fileEncoding = 4; lastKnownFileType = sourcecode.swift; path = NetworkTask.swift; sourceTree = "<group>"; };
		CDDD265276D46B0BD63A3987 /* CreateBlogTask.swift */ = {isa = PBXFileReference; fileEncoding = 4; lastKnownFileType = sourcecode.swift; path = CreateBlogTask.swift; sourceTree = "<group>"; };
		CDDD2670545863E42AC9689C /* StarTappedTests.xctest */ = {isa = PBXFileReference; explicitFileType = wrapper.cfbundle; includeInIndex = 0; path = StarTappedTests.xctest; sourceTree = BUILT_PRODUCTS_DIR; };
		CDDD274F81ABDE2FC18C9891 /* LoginTask.swift */ = {isa = PBXFileReference; fileEncoding = 4; lastKnownFileType = sourcecode.swift; path = LoginTask.swift; sourceTree = "<group>"; };
		CDDD277E3681026874E58C86 /* Base */ = {isa = PBXFileReference; lastKnownFileType = file.storyboard; name = Base; path = Base.lproj/Main.storyboard; sourceTree = "<group>"; };
		CDDD27FEA60925F7197AEAA3 /* GetBlogViewTask.swift */ = {isa = PBXFileReference; fileEncoding = 4; lastKnownFileType = sourcecode.swift; path = GetBlogViewTask.swift; sourceTree = "<group>"; };
		CDDD2807411F59A7D471641E /* LICENSE.txt */ = {isa = PBXFileReference; fileEncoding = 4; lastKnownFileType = text; path = LICENSE.txt; sourceTree = "<group>"; };
		CDDD281FD34CCEA14F12DB54 /* Validator.swift */ = {isa = PBXFileReference; fileEncoding = 4; lastKnownFileType = sourcecode.swift; path = Validator.swift; sourceTree = "<group>"; };
		CDDD28748399F2B918FB5979 /* Info.plist */ = {isa = PBXFileReference; lastKnownFileType = text.plist.info; path = Info.plist; sourceTree = "<group>"; };
		CDDD2962CF930FF2A5CBD505 /* UpdateBlogTask.swift */ = {isa = PBXFileReference; fileEncoding = 4; lastKnownFileType = sourcecode.swift; path = UpdateBlogTask.swift; sourceTree = "<group>"; };
		CDDD296BEBE82F09CF7F4CAF /* README.md */ = {isa = PBXFileReference; fileEncoding = 4; lastKnownFileType = net.daringfireball.markdown; path = README.md; sourceTree = "<group>"; };
		CDDD29B71C301A15441FEF11 /* StarTappedUITests.swift */ = {isa = PBXFileReference; lastKnownFileType = sourcecode.swift; path = StarTappedUITests.swift; sourceTree = "<group>"; };
		CDDD2A61C28CD1C2451DACE3 /* BlogType.swift */ = {isa = PBXFileReference; fileEncoding = 4; lastKnownFileType = sourcecode.swift; path = BlogType.swift; sourceTree = "<group>"; };
		CDDD2A7FC9F28D235B95FFE1 /* GetBlogsSelfTask.swift */ = {isa = PBXFileReference; fileEncoding = 4; lastKnownFileType = sourcecode.swift; path = GetBlogsSelfTask.swift; sourceTree = "<group>"; };
		CDDD2A8C5A2946E4E33F31EC /* Info.plist */ = {isa = PBXFileReference; lastKnownFileType = text.plist.info; path = Info.plist; sourceTree = "<group>"; };
		CDDD2AAEB6C4FACA289864A4 /* Base */ = {isa = PBXFileReference; lastKnownFileType = file.storyboard; name = Base; path = Base.lproj/LaunchScreen.storyboard; sourceTree = "<group>"; };
		CDDD2B6F3C21D2E1815A62D0 /* AppDelegate.swift */ = {isa = PBXFileReference; lastKnownFileType = sourcecode.swift; path = AppDelegate.swift; sourceTree = "<group>"; };
		CDDD2B8FA52FFFD1508C5D76 /* PostType.swift */ = {isa = PBXFileReference; fileEncoding = 4; lastKnownFileType = sourcecode.swift; path = PostType.swift; sourceTree = "<group>"; };
		CDDD2BE740ECFB7B205FE439 /* StarTapped.app */ = {isa = PBXFileReference; explicitFileType = wrapper.application; includeInIndex = 0; path = StarTapped.app; sourceTree = BUILT_PRODUCTS_DIR; };
		CDDD2C1B26CDDDE7A9AC4226 /* GroupBlog.swift */ = {isa = PBXFileReference; fileEncoding = 4; lastKnownFileType = sourcecode.swift; path = GroupBlog.swift; sourceTree = "<group>"; };
		CDDD2C3B10F51FF7E4CF11BD /* FollowBlogTask.swift */ = {isa = PBXFileReference; fileEncoding = 4; lastKnownFileType = sourcecode.swift; path = FollowBlogTask.swift; sourceTree = "<group>"; };
		CDDD2C42978BF2DEFAE3B6D0 /* AsyncTask.swift */ = {isa = PBXFileReference; fileEncoding = 4; lastKnownFileType = sourcecode.swift; path = AsyncTask.swift; sourceTree = "<group>"; };
		CDDD2DF093C7172083428412 /* Assets.xcassets */ = {isa = PBXFileReference; lastKnownFileType = folder.assetcatalog; path = Assets.xcassets; sourceTree = "<group>"; };
		CDDD2E741D083E36942FF6FD /* UnfollowBlogTask.swift */ = {isa = PBXFileReference; fileEncoding = 4; lastKnownFileType = sourcecode.swift; path = UnfollowBlogTask.swift; sourceTree = "<group>"; };
		CDDD2F75E9240D447491A89B /* GetFollowingBlogsTask.swift */ = {isa = PBXFileReference; fileEncoding = 4; lastKnownFileType = sourcecode.swift; path = GetFollowingBlogsTask.swift; sourceTree = "<group>"; };
		F607EC0C33FEE7B17FADD069 /* Pods-StarTappedUITests.debug.xcconfig */ = {isa = PBXFileReference; includeInIndex = 1; lastKnownFileType = text.xcconfig; name = "Pods-StarTappedUITests.debug.xcconfig"; path = "Target Support Files/Pods-StarTappedUITests/Pods-StarTappedUITests.debug.xcconfig"; sourceTree = "<group>"; };
		F8F11554B442D2106A4E6237 /* Pods_StarTapped.framework */ = {isa = PBXFileReference; explicitFileType = wrapper.framework; includeInIndex = 0; path = Pods_StarTapped.framework; sourceTree = BUILT_PRODUCTS_DIR; };
/* End PBXFileReference section */

/* Begin PBXFrameworksBuildPhase section */
		CDDD2223230736DFCBE03216 /* Frameworks */ = {
			isa = PBXFrameworksBuildPhase;
			buildActionMask = 2147483647;
			files = (
				191D827EB6D48A0F209484E1 /* Pods_StarTapped.framework in Frameworks */,
			);
			runOnlyForDeploymentPostprocessing = 0;
		};
		CDDD2CB75428C4605669633A /* Frameworks */ = {
			isa = PBXFrameworksBuildPhase;
			buildActionMask = 2147483647;
			files = (
				0C5B0CEB7B4ED5B0E0F6CB9C /* Pods_StarTappedTests.framework in Frameworks */,
			);
			runOnlyForDeploymentPostprocessing = 0;
		};
		CDDD2CBCAE27145FA389953A /* Frameworks */ = {
			isa = PBXFrameworksBuildPhase;
			buildActionMask = 2147483647;
			files = (
				6D476EFA877B2B16073FF404 /* Pods_StarTappedUITests.framework in Frameworks */,
			);
			runOnlyForDeploymentPostprocessing = 0;
		};
/* End PBXFrameworksBuildPhase section */

/* Begin PBXGroup section */
		10C1EC0C39B5C6C111A9F56F /* Pods */ = {
			isa = PBXGroup;
			children = (
				01100F17B25DE282A5408811 /* Pods-StarTapped.debug.xcconfig */,
				10D57B117DC6C4E3E814921E /* Pods-StarTapped.release.xcconfig */,
				44AEF73B41A4088C7CD5E11E /* Pods-StarTappedTests.debug.xcconfig */,
				260D6363F27CBD911BB58F0F /* Pods-StarTappedTests.release.xcconfig */,
				F607EC0C33FEE7B17FADD069 /* Pods-StarTappedUITests.debug.xcconfig */,
				00E16CA059F87C408748EED7 /* Pods-StarTappedUITests.release.xcconfig */,
			);
			path = Pods;
			sourceTree = "<group>";
		};
		5471B5B3716BD271BDBB7BC3 /* Frameworks */ = {
			isa = PBXGroup;
			children = (
				F8F11554B442D2106A4E6237 /* Pods_StarTapped.framework */,
				3E0BE1CA3E02FCE0E8C1F292 /* Pods_StarTappedTests.framework */,
				AB41B7EA209269D765B4C061 /* Pods_StarTappedUITests.framework */,
			);
			name = Frameworks;
			sourceTree = "<group>";
		};
		8078783321E422A90011BF9D /* View Controllers */ = {
			isa = PBXGroup;
			children = (
				8078783421E4232F0011BF9D /* SplashController.swift */,
				80AFA5CD21E428D20072A227 /* AuthController.swift */,
				80AFA5E021E50D410072A227 /* HubController.swift */,
			);
			path = "View Controllers";
			sourceTree = "<group>";
		};
		808DDF1821E14F5B005046B5 /* Views */ = {
			isa = PBXGroup;
			children = (
				CDDD25E9A99AA347D37DAC98 /* LaunchScreen.storyboard */,
				CDDD2E0B19AA74F1974FB46C /* Main.storyboard */,
				8078783621E426A00011BF9D /* Auth.storyboard */,
				80AFA5DE21E50CDA0072A227 /* Hub.storyboard */,
			);
			path = Views;
			sourceTree = "<group>";
		};
		808DDF1921E159AD005046B5 /* Objects */ = {
			isa = PBXGroup;
			children = (
				808DDF2021E15FFC005046B5 /* Post */,
				808DDF1F21E15FF1005046B5 /* Blog */,
				808DDF1E21E15FE9005046B5 /* Auth */,
				808DDF1D21E15FDA005046B5 /* Account */,
				CDDD2920FCC6B14A75FC7527 /* Task */,
				8078782B21E3BFDB0011BF9D /* Settings.swift */,
			);
			path = Objects;
			sourceTree = "<group>";
		};
		808DDF1D21E15FDA005046B5 /* Account */ = {
			isa = PBXGroup;
			children = (
				CDDD222CD0228473949E3DB9 /* Account.swift */,
			);
			path = Account;
			sourceTree = "<group>";
		};
		808DDF1E21E15FE9005046B5 /* Auth */ = {
			isa = PBXGroup;
			children = (
				80C6D64C21E19576008675BC /* AccountAuthentication.swift */,
			);
			path = Auth;
			sourceTree = "<group>";
		};
		808DDF1F21E15FF1005046B5 /* Blog */ = {
			isa = PBXGroup;
			children = (
				CDDD203B6E0736BD9CD55386 /* Blog.swift */,
				CDDD24E9C3A24587B156424E /* PersonalBlog.swift */,
				CDDD2C1B26CDDDE7A9AC4226 /* GroupBlog.swift */,
			);
			path = Blog;
			sourceTree = "<group>";
		};
		808DDF2021E15FFC005046B5 /* Post */ = {
			isa = PBXGroup;
			children = (
				80EB1A0521E1C4FD000A51A2 /* Post.swift */,
				80EB1A0721E1D2B5000A51A2 /* TextPost.swift */,
				80EB1A0921E1D314000A51A2 /* ImagePost.swift */,
				80EB1A0B21E1D434000A51A2 /* AudioPost.swift */,
				80EB1A0D21E1D4C2000A51A2 /* VideoPost.swift */,
			);
			path = Post;
			sourceTree = "<group>";
		};
		80AFA5D821E448D70072A227 /* Blog */ = {
			isa = PBXGroup;
			children = (
				80AFA5D921E448DC0072A227 /* Self */,
				CDDD2D9C84E231F19BF2163E /* View */,
			);
			path = Blog;
			sourceTree = "<group>";
		};
		80AFA5D921E448DC0072A227 /* Self */ = {
			isa = PBXGroup;
			children = (
				CDDD265276D46B0BD63A3987 /* CreateBlogTask.swift */,
				CDDD2A7FC9F28D235B95FFE1 /* GetBlogsSelfTask.swift */,
				CDDD2962CF930FF2A5CBD505 /* UpdateBlogTask.swift */,
			);
			path = Self;
			sourceTree = "<group>";
		};
		80C6D64E21E197B1008675BC /* Utils */ = {
			isa = PBXGroup;
			children = (
				80C6D64F21E197C1008675BC /* TimeUtils.swift */,
				CDDD281FD34CCEA14F12DB54 /* Validator.swift */,
				80AFA5DA21E504010072A227 /* FileUtils.swift */,
				80AFA5DC21E508580072A227 /* MimeTypes.swift */,
			);
			path = Utils;
			sourceTree = "<group>";
		};
		80EB1A1321E26A4A000A51A2 /* Network */ = {
			isa = PBXGroup;
			children = (
				80EB1A1421E26A5B000A51A2 /* NetworkCallStatus.swift */,
			);
			path = Network;
			sourceTree = "<group>";
		};
		CDDD204AB55DF8552C9E59F4 /* Account */ = {
			isa = PBXGroup;
			children = (
				CDDD214AD02AE718A4C401DC /* Blog */,
				80AFA5D221E442C00072A227 /* GetAccountTask.swift */,
				80AFA5D421E444960072A227 /* UpdateAccountTask.swift */,
			);
			path = Account;
			sourceTree = "<group>";
		};
		CDDD214AD02AE718A4C401DC /* Blog */ = {
			isa = PBXGroup;
			children = (
				80AFA5D621E4476F0072A227 /* GetAccountForBlogView.swift */,
			);
			path = Blog;
			sourceTree = "<group>";
		};
		CDDD246928DED1512E524E22 /* Network */ = {
			isa = PBXGroup;
			children = (
				80AFA5D821E448D70072A227 /* Blog */,
				CDDD267E87CFF9820F0A8C8F /* Auth */,
				CDDD204AB55DF8552C9E59F4 /* Account */,
				CDDD2E44985E86743ACD8322 /* Relation */,
			);
			path = Network;
			sourceTree = "<group>";
		};
		CDDD2566157C267F76102853 /* Enums */ = {
			isa = PBXGroup;
			children = (
				CDDD2A61C28CD1C2451DACE3 /* BlogType.swift */,
				CDDD2B8FA52FFFD1508C5D76 /* PostType.swift */,
				80EB1A1121E26858000A51A2 /* TaskType.swift */,
			);
			path = Enums;
			sourceTree = "<group>";
		};
		CDDD257D38F2D87DE89A5F50 = {
			isa = PBXGroup;
			children = (
				CDDD2932F03FB80C29F53A72 /* Products */,
				CDDD27EA580D901660CA2083 /* StarTapped */,
				CDDD2601924DF10D62548014 /* StarTappedTests */,
				CDDD2F7DF80E07CCFA5B4A06 /* StarTappedUITests */,
				CDDD296BEBE82F09CF7F4CAF /* README.md */,
				CDDD2807411F59A7D471641E /* LICENSE.txt */,
				10C1EC0C39B5C6C111A9F56F /* Pods */,
				5471B5B3716BD271BDBB7BC3 /* Frameworks */,
			);
			sourceTree = "<group>";
		};
		CDDD2601924DF10D62548014 /* StarTappedTests */ = {
			isa = PBXGroup;
			children = (
				CDDD28748399F2B918FB5979 /* Info.plist */,
				CDDD239F3A388B1DAD751618 /* StarTappedTests.swift */,
			);
			path = StarTappedTests;
			sourceTree = "<group>";
		};
		CDDD267E87CFF9820F0A8C8F /* Auth */ = {
			isa = PBXGroup;
			children = (
				CDDD274F81ABDE2FC18C9891 /* LoginTask.swift */,
				8078782D21E3E27C0011BF9D /* RegisterTask.swift */,
				8078782F21E3E5700011BF9D /* LogoutTask.swift */,
				8078783121E3E6130011BF9D /* TokenRefreshTask.swift */,
			);
			path = Auth;
			sourceTree = "<group>";
		};
		CDDD27EA580D901660CA2083 /* StarTapped */ = {
			isa = PBXGroup;
			children = (
				8078783321E422A90011BF9D /* View Controllers */,
				CDDD2566157C267F76102853 /* Enums */,
				80C6D64E21E197B1008675BC /* Utils */,
				808DDF1921E159AD005046B5 /* Objects */,
				808DDF1821E14F5B005046B5 /* Views */,
				808DDF1721E14163005046B5 /* StarTapped.entitlements */,
				CDDD229A3445D01E19277DF7 /* Info.plist */,
				CDDD2DF093C7172083428412 /* Assets.xcassets */,
				CDDD2B6F3C21D2E1815A62D0 /* AppDelegate.swift */,
				CDDD246928DED1512E524E22 /* Network */,
			);
			path = StarTapped;
			sourceTree = "<group>";
		};
		CDDD2920FCC6B14A75FC7527 /* Task */ = {
			isa = PBXGroup;
			children = (
				80EB1A1321E26A4A000A51A2 /* Network */,
				CDDD2C42978BF2DEFAE3B6D0 /* AsyncTask.swift */,
				CDDD2648F0B6093ADB2A7211 /* NetworkTask.swift */,
				80EB1A1621E26C91000A51A2 /* TaskCallback.swift */,
			);
			path = Task;
			sourceTree = "<group>";
		};
		CDDD2932F03FB80C29F53A72 /* Products */ = {
			isa = PBXGroup;
			children = (
				CDDD2BE740ECFB7B205FE439 /* StarTapped.app */,
				CDDD2670545863E42AC9689C /* StarTappedTests.xctest */,
				CDDD23DCDCF7DC0CFA92809D /* StarTappedUITests.xctest */,
			);
			name = Products;
			sourceTree = "<group>";
		};
		CDDD2D9C84E231F19BF2163E /* View */ = {
			isa = PBXGroup;
			children = (
				CDDD27FEA60925F7197AEAA3 /* GetBlogViewTask.swift */,
			);
			path = View;
			sourceTree = "<group>";
		};
		CDDD2E44985E86743ACD8322 /* Relation */ = {
			isa = PBXGroup;
			children = (
				CDDD2C3B10F51FF7E4CF11BD /* FollowBlogTask.swift */,
				CDDD2E741D083E36942FF6FD /* UnfollowBlogTask.swift */,
				CDDD2F75E9240D447491A89B /* GetFollowingBlogsTask.swift */,
				CDDD2282E9E406ECD6405C9D /* GetFollowersAccountTask.swift */,
			);
			path = Relation;
			sourceTree = "<group>";
		};
		CDDD2F7DF80E07CCFA5B4A06 /* StarTappedUITests */ = {
			isa = PBXGroup;
			children = (
				CDDD2A8C5A2946E4E33F31EC /* Info.plist */,
				CDDD29B71C301A15441FEF11 /* StarTappedUITests.swift */,
			);
			path = StarTappedUITests;
			sourceTree = "<group>";
		};
/* End PBXGroup section */

/* Begin PBXNativeTarget section */
		CDDD20F913BEEB55939C043F /* StarTapped */ = {
			isa = PBXNativeTarget;
			buildConfigurationList = CDDD2474A70F32010760B2EC /* Build configuration list for PBXNativeTarget "StarTapped" */;
			buildPhases = (
				C5E33008C0968F31312F4F94 /* [CP] Check Pods Manifest.lock */,
				CDDD275A06D7C9ECD1CF4671 /* Sources */,
				CDDD2223230736DFCBE03216 /* Frameworks */,
				CDDD2CB7816B0B41F8F8D4B9 /* Resources */,
				BFA00C558FF6EF6541464ED4 /* [CP] Embed Pods Frameworks */,
			);
			buildRules = (
			);
			dependencies = (
			);
			name = StarTapped;
			productName = StarTapped;
			productReference = CDDD2BE740ECFB7B205FE439 /* StarTapped.app */;
			productType = "com.apple.product-type.application";
		};
		CDDD223DD623DBA1630587E4 /* StarTappedUITests */ = {
			isa = PBXNativeTarget;
			buildConfigurationList = CDDD2B281EDDCCC51DA7CF8A /* Build configuration list for PBXNativeTarget "StarTappedUITests" */;
			buildPhases = (
				0E3F78579D0950A049AE4FE3 /* [CP] Check Pods Manifest.lock */,
				CDDD220368DAC8039D67B8AA /* Sources */,
				CDDD2CBCAE27145FA389953A /* Frameworks */,
				CDDD21D1A395B57897CC37AE /* Resources */,
			);
			buildRules = (
			);
			dependencies = (
				CDDD2B57F12513F45A30E074 /* PBXTargetDependency */,
			);
			name = StarTappedUITests;
			productName = StarTappedUITests;
			productReference = CDDD23DCDCF7DC0CFA92809D /* StarTappedUITests.xctest */;
			productType = "com.apple.product-type.bundle.ui-testing";
		};
		CDDD2C5B33DC1B27739E24F2 /* StarTappedTests */ = {
			isa = PBXNativeTarget;
			buildConfigurationList = CDDD25E33DC5B3CB841A5144 /* Build configuration list for PBXNativeTarget "StarTappedTests" */;
			buildPhases = (
				67DB2E990078E318D1CF2181 /* [CP] Check Pods Manifest.lock */,
				CDDD205CB21A420CD092F020 /* Sources */,
				CDDD2CB75428C4605669633A /* Frameworks */,
				CDDD24098ACF987B6050192B /* Resources */,
			);
			buildRules = (
			);
			dependencies = (
				CDDD2C70F409A6BD957168B5 /* PBXTargetDependency */,
			);
			name = StarTappedTests;
			productName = StarTappedTests;
			productReference = CDDD2670545863E42AC9689C /* StarTappedTests.xctest */;
			productType = "com.apple.product-type.bundle.unit-test";
		};
/* End PBXNativeTarget section */

/* Begin PBXProject section */
		CDDD22654E371FE29094CA45 /* Project object */ = {
			isa = PBXProject;
			attributes = {
				ORGANIZATIONNAME = "DreamExposure Studios";
				TargetAttributes = {
					CDDD20F913BEEB55939C043F = {
						DevelopmentTeam = UJ6Z2S37BA;
						ProvisioningStyle = Automatic;
						SystemCapabilities = {
							com.apple.AccessWiFi = {
								enabled = 0;
							};
							com.apple.BackgroundModes = {
								enabled = 0;
							};
							com.apple.DataProtection = {
								enabled = 0;
							};
							com.apple.Push = {
								enabled = 0;
							};
						};
					};
				};
			};
			buildConfigurationList = CDDD2170FE2FC35D524ABB24 /* Build configuration list for PBXProject "StarTapped" */;
			compatibilityVersion = "Xcode 3.2";
			developmentRegion = English;
			hasScannedForEncodings = 0;
			knownRegions = (
				en,
			);
			mainGroup = CDDD257D38F2D87DE89A5F50;
			productRefGroup = CDDD2932F03FB80C29F53A72 /* Products */;
			projectDirPath = "";
			projectRoot = "";
			targets = (
				CDDD20F913BEEB55939C043F /* StarTapped */,
				CDDD2C5B33DC1B27739E24F2 /* StarTappedTests */,
				CDDD223DD623DBA1630587E4 /* StarTappedUITests */,
			);
		};
/* End PBXProject section */

/* Begin PBXResourcesBuildPhase section */
		CDDD21D1A395B57897CC37AE /* Resources */ = {
			isa = PBXResourcesBuildPhase;
			buildActionMask = 2147483647;
			files = (
			);
			runOnlyForDeploymentPostprocessing = 0;
		};
		CDDD24098ACF987B6050192B /* Resources */ = {
			isa = PBXResourcesBuildPhase;
			buildActionMask = 2147483647;
			files = (
			);
			runOnlyForDeploymentPostprocessing = 0;
		};
		CDDD2CB7816B0B41F8F8D4B9 /* Resources */ = {
			isa = PBXResourcesBuildPhase;
			buildActionMask = 2147483647;
			files = (
				CDDD25C96BE7A8FB6D581692 /* Assets.xcassets in Resources */,
				CDDD2EC6AE87403310FD7C2D /* LaunchScreen.storyboard in Resources */,
				8078783721E426A00011BF9D /* Auth.storyboard in Resources */,
				CDDD22070EB51F959CAE86A1 /* Main.storyboard in Resources */,
				80AFA5DF21E50CDA0072A227 /* Hub.storyboard in Resources */,
				CDDD2522015056D10FF46CE8 /* LICENSE.txt in Resources */,
			);
			runOnlyForDeploymentPostprocessing = 0;
		};
/* End PBXResourcesBuildPhase section */

/* Begin PBXShellScriptBuildPhase section */
		0E3F78579D0950A049AE4FE3 /* [CP] Check Pods Manifest.lock */ = {
			isa = PBXShellScriptBuildPhase;
			buildActionMask = 2147483647;
			files = (
			);
			inputFileListPaths = (
			);
			inputPaths = (
				"${PODS_PODFILE_DIR_PATH}/Podfile.lock",
				"${PODS_ROOT}/Manifest.lock",
			);
			name = "[CP] Check Pods Manifest.lock";
			outputFileListPaths = (
			);
			outputPaths = (
				"$(DERIVED_FILE_DIR)/Pods-StarTappedUITests-checkManifestLockResult.txt",
			);
			runOnlyForDeploymentPostprocessing = 0;
			shellPath = /bin/sh;
			shellScript = "diff \"${PODS_PODFILE_DIR_PATH}/Podfile.lock\" \"${PODS_ROOT}/Manifest.lock\" > /dev/null\nif [ $? != 0 ] ; then\n    # print error to STDERR\n    echo \"error: The sandbox is not in sync with the Podfile.lock. Run 'pod install' or update your CocoaPods installation.\" >&2\n    exit 1\nfi\n# This output is used by Xcode 'outputs' to avoid re-running this script phase.\necho \"SUCCESS\" > \"${SCRIPT_OUTPUT_FILE_0}\"\n";
			showEnvVarsInLog = 0;
		};
		67DB2E990078E318D1CF2181 /* [CP] Check Pods Manifest.lock */ = {
			isa = PBXShellScriptBuildPhase;
			buildActionMask = 2147483647;
			files = (
			);
			inputFileListPaths = (
			);
			inputPaths = (
				"${PODS_PODFILE_DIR_PATH}/Podfile.lock",
				"${PODS_ROOT}/Manifest.lock",
			);
			name = "[CP] Check Pods Manifest.lock";
			outputFileListPaths = (
			);
			outputPaths = (
				"$(DERIVED_FILE_DIR)/Pods-StarTappedTests-checkManifestLockResult.txt",
			);
			runOnlyForDeploymentPostprocessing = 0;
			shellPath = /bin/sh;
			shellScript = "diff \"${PODS_PODFILE_DIR_PATH}/Podfile.lock\" \"${PODS_ROOT}/Manifest.lock\" > /dev/null\nif [ $? != 0 ] ; then\n    # print error to STDERR\n    echo \"error: The sandbox is not in sync with the Podfile.lock. Run 'pod install' or update your CocoaPods installation.\" >&2\n    exit 1\nfi\n# This output is used by Xcode 'outputs' to avoid re-running this script phase.\necho \"SUCCESS\" > \"${SCRIPT_OUTPUT_FILE_0}\"\n";
			showEnvVarsInLog = 0;
		};
		BFA00C558FF6EF6541464ED4 /* [CP] Embed Pods Frameworks */ = {
			isa = PBXShellScriptBuildPhase;
			buildActionMask = 2147483647;
			files = (
			);
			inputFileListPaths = (
			);
			inputPaths = (
				"${PODS_ROOT}/Target Support Files/Pods-StarTapped/Pods-StarTapped-frameworks.sh",
				"${BUILT_PRODUCTS_DIR}/Alamofire/Alamofire.framework",
				"${BUILT_PRODUCTS_DIR}/Guitar/Guitar.framework",
				"${BUILT_PRODUCTS_DIR}/KeychainSwift/KeychainSwift.framework",
				"${BUILT_PRODUCTS_DIR}/SwiftMoment/SwiftMoment.framework",
				"${BUILT_PRODUCTS_DIR}/SwiftyJSON/SwiftyJSON.framework",
			);
			name = "[CP] Embed Pods Frameworks";
			outputFileListPaths = (
			);
			outputPaths = (
				"${TARGET_BUILD_DIR}/${FRAMEWORKS_FOLDER_PATH}/Alamofire.framework",
				"${TARGET_BUILD_DIR}/${FRAMEWORKS_FOLDER_PATH}/Guitar.framework",
				"${TARGET_BUILD_DIR}/${FRAMEWORKS_FOLDER_PATH}/KeychainSwift.framework",
				"${TARGET_BUILD_DIR}/${FRAMEWORKS_FOLDER_PATH}/SwiftMoment.framework",
				"${TARGET_BUILD_DIR}/${FRAMEWORKS_FOLDER_PATH}/SwiftyJSON.framework",
			);
			runOnlyForDeploymentPostprocessing = 0;
			shellPath = /bin/sh;
			shellScript = "\"${PODS_ROOT}/Target Support Files/Pods-StarTapped/Pods-StarTapped-frameworks.sh\"\n";
			showEnvVarsInLog = 0;
		};
		C5E33008C0968F31312F4F94 /* [CP] Check Pods Manifest.lock */ = {
			isa = PBXShellScriptBuildPhase;
			buildActionMask = 2147483647;
			files = (
			);
			inputFileListPaths = (
			);
			inputPaths = (
				"${PODS_PODFILE_DIR_PATH}/Podfile.lock",
				"${PODS_ROOT}/Manifest.lock",
			);
			name = "[CP] Check Pods Manifest.lock";
			outputFileListPaths = (
			);
			outputPaths = (
				"$(DERIVED_FILE_DIR)/Pods-StarTapped-checkManifestLockResult.txt",
			);
			runOnlyForDeploymentPostprocessing = 0;
			shellPath = /bin/sh;
			shellScript = "diff \"${PODS_PODFILE_DIR_PATH}/Podfile.lock\" \"${PODS_ROOT}/Manifest.lock\" > /dev/null\nif [ $? != 0 ] ; then\n    # print error to STDERR\n    echo \"error: The sandbox is not in sync with the Podfile.lock. Run 'pod install' or update your CocoaPods installation.\" >&2\n    exit 1\nfi\n# This output is used by Xcode 'outputs' to avoid re-running this script phase.\necho \"SUCCESS\" > \"${SCRIPT_OUTPUT_FILE_0}\"\n";
			showEnvVarsInLog = 0;
		};
/* End PBXShellScriptBuildPhase section */

/* Begin PBXSourcesBuildPhase section */
		CDDD205CB21A420CD092F020 /* Sources */ = {
			isa = PBXSourcesBuildPhase;
			buildActionMask = 2147483647;
			files = (
				CDDD2D84EFA176CB216CC8F2 /* StarTappedTests.swift in Sources */,
			);
			runOnlyForDeploymentPostprocessing = 0;
		};
		CDDD220368DAC8039D67B8AA /* Sources */ = {
			isa = PBXSourcesBuildPhase;
			buildActionMask = 2147483647;
			files = (
				CDDD2637B1552E4303E8B92D /* StarTappedUITests.swift in Sources */,
			);
			runOnlyForDeploymentPostprocessing = 0;
		};
		CDDD275A06D7C9ECD1CF4671 /* Sources */ = {
			isa = PBXSourcesBuildPhase;
			buildActionMask = 2147483647;
			files = (
				80C6D65021E197C1008675BC /* TimeUtils.swift in Sources */,
				80C6D64D21E19576008675BC /* AccountAuthentication.swift in Sources */,
				80AFA5D521E444960072A227 /* UpdateAccountTask.swift in Sources */,
				CDDD246E77840A1E52DE7BFB /* AppDelegate.swift in Sources */,
				80EB1A0621E1C4FD000A51A2 /* Post.swift in Sources */,
				80AFA5CE21E428D20072A227 /* AuthController.swift in Sources */,
				8078783221E3E6130011BF9D /* TokenRefreshTask.swift in Sources */,
				80EB1A0C21E1D434000A51A2 /* AudioPost.swift in Sources */,
				CDDD2EAEE6152889A7F8326B /* README.md in Sources */,
				80AFA5D721E4476F0072A227 /* GetAccountForBlogView.swift in Sources */,
				80EB1A0E21E1D4C2000A51A2 /* VideoPost.swift in Sources */,
				8078782C21E3BFDB0011BF9D /* Settings.swift in Sources */,
				80EB1A1521E26A5B000A51A2 /* NetworkCallStatus.swift in Sources */,
				8078783021E3E5700011BF9D /* LogoutTask.swift in Sources */,
				CDDD29719B46F347C861D561 /* Account.swift in Sources */,
				CDDD29E22B13C2D38E5F770F /* Blog.swift in Sources */,
				80EB1A1721E26C91000A51A2 /* TaskCallback.swift in Sources */,
				80AFA5D321E442C00072A227 /* GetAccountTask.swift in Sources */,
				80EB1A1221E26858000A51A2 /* TaskType.swift in Sources */,
				80AFA5DB21E504010072A227 /* FileUtils.swift in Sources */,
				CDDD24F5F72C0EF8C76CECFA /* BlogType.swift in Sources */,
				CDDD2ED84BF8C162EBE0374E /* PostType.swift in Sources */,
				CDDD29329F28278CCC31B4B3 /* PersonalBlog.swift in Sources */,
				80AFA5DD21E508580072A227 /* MimeTypes.swift in Sources */,
				CDDD246384DAD19A817380C2 /* GroupBlog.swift in Sources */,
				80EB1A0821E1D2B5000A51A2 /* TextPost.swift in Sources */,
				80EB1A0A21E1D314000A51A2 /* ImagePost.swift in Sources */,
				CDDD2738A0F45486BF1EABC6 /* AsyncTask.swift in Sources */,
				8078782E21E3E27C0011BF9D /* RegisterTask.swift in Sources */,
				CDDD2D3D5A1DF16F9A8A1C08 /* NetworkTask.swift in Sources */,
				CDDD2C093AEC4826F10BBCE7 /* LoginTask.swift in Sources */,
				8078783521E4232F0011BF9D /* SplashController.swift in Sources */,
				CDDD2E032FF9DE99A828A185 /* CreateBlogTask.swift in Sources */,
				CDDD2DF1E9AF8CB833129803 /* GetBlogsSelfTask.swift in Sources */,
				CDDD2162E9FF00B6ADEC0F4B /* UpdateBlogTask.swift in Sources */,
				80AFA5E121E50D410072A227 /* HubController.swift in Sources */,
				CDDD2AEEF6BA25EF15A5FCB3 /* GetBlogViewTask.swift in Sources */,
				CDDD26D7F5DB879E869154F3 /* FollowBlogTask.swift in Sources */,
				CDDD23E0A55789F0206D8F62 /* UnfollowBlogTask.swift in Sources */,
				CDDD2B295F4DA9A22FF1663F /* GetFollowingBlogsTask.swift in Sources */,
				CDDD21C7BAB37DDC019A47F0 /* GetFollowersAccountTask.swift in Sources */,
				CDDD2B7B13A554F76F083AF0 /* Validator.swift in Sources */,
			);
			runOnlyForDeploymentPostprocessing = 0;
		};
/* End PBXSourcesBuildPhase section */

/* Begin PBXTargetDependency section */
		CDDD2B57F12513F45A30E074 /* PBXTargetDependency */ = {
			isa = PBXTargetDependency;
			target = CDDD20F913BEEB55939C043F /* StarTapped */;
			targetProxy = CDDD2FFED1CCD1B8E7B21ADD /* PBXContainerItemProxy */;
		};
		CDDD2C70F409A6BD957168B5 /* PBXTargetDependency */ = {
			isa = PBXTargetDependency;
			target = CDDD20F913BEEB55939C043F /* StarTapped */;
			targetProxy = CDDD26E9930F3DB82C7C8D45 /* PBXContainerItemProxy */;
		};
/* End PBXTargetDependency section */

/* Begin PBXVariantGroup section */
		CDDD25E9A99AA347D37DAC98 /* LaunchScreen.storyboard */ = {
			isa = PBXVariantGroup;
			children = (
				CDDD2AAEB6C4FACA289864A4 /* Base */,
			);
			name = LaunchScreen.storyboard;
			sourceTree = "<group>";
		};
		CDDD2E0B19AA74F1974FB46C /* Main.storyboard */ = {
			isa = PBXVariantGroup;
			children = (
				CDDD277E3681026874E58C86 /* Base */,
			);
			name = Main.storyboard;
			sourceTree = "<group>";
		};
/* End PBXVariantGroup section */

/* Begin XCBuildConfiguration section */
		CDDD207A47163AE6D962F3C6 /* Release */ = {
			isa = XCBuildConfiguration;
			buildSettings = {
				ALWAYS_SEARCH_USER_PATHS = NO;
				CLANG_ANALYZER_NONNULL = YES;
				CLANG_ANALYZER_NUMBER_OBJECT_CONVERSION = YES_AGGRESSIVE;
				CLANG_CXX_LANGUAGE_STANDARD = "gnu++14";
				CLANG_CXX_LIBRARY = "libc++";
				CLANG_ENABLE_MODULES = YES;
				CLANG_ENABLE_OBJC_ARC = YES;
				CLANG_ENABLE_OBJC_WEAK = YES;
				CLANG_WARN_BLOCK_CAPTURE_AUTORELEASING = YES;
				CLANG_WARN_BOOL_CONVERSION = YES;
				CLANG_WARN_COMMA = YES;
				CLANG_WARN_CONSTANT_CONVERSION = YES;
				CLANG_WARN_DEPRECATED_OBJC_IMPLEMENTATIONS = YES;
				CLANG_WARN_DIRECT_OBJC_ISA_USAGE = YES_ERROR;
				CLANG_WARN_DOCUMENTATION_COMMENTS = YES;
				CLANG_WARN_EMPTY_BODY = YES;
				CLANG_WARN_ENUM_CONVERSION = YES;
				CLANG_WARN_INFINITE_RECURSION = YES;
				CLANG_WARN_INT_CONVERSION = YES;
				CLANG_WARN_NON_LITERAL_NULL_CONVERSION = YES;
				CLANG_WARN_OBJC_IMPLICIT_RETAIN_SELF = YES;
				CLANG_WARN_OBJC_LITERAL_CONVERSION = YES;
				CLANG_WARN_OBJC_ROOT_CLASS = YES_ERROR;
				CLANG_WARN_RANGE_LOOP_ANALYSIS = YES;
				CLANG_WARN_STRICT_PROTOTYPES = YES;
				CLANG_WARN_SUSPICIOUS_MOVE = YES;
				CLANG_WARN_UNGUARDED_AVAILABILITY = YES_AGGRESSIVE;
				CLANG_WARN_UNREACHABLE_CODE = YES;
				CLANG_WARN__DUPLICATE_METHOD_MATCH = YES;
				CODE_SIGN_IDENTITY = "iPhone Developer";
				COPY_PHASE_STRIP = NO;
				DEBUG_INFORMATION_FORMAT = "dwarf-with-dsym";
				ENABLE_NS_ASSERTIONS = NO;
				ENABLE_STRICT_OBJC_MSGSEND = YES;
				FRAMEWORK_SEARCH_PATHS = "$(SRCROOT)/**";
				GCC_C_LANGUAGE_STANDARD = gnu11;
				GCC_NO_COMMON_BLOCKS = YES;
				GCC_WARN_64_TO_32_BIT_CONVERSION = YES;
				GCC_WARN_ABOUT_RETURN_TYPE = YES_ERROR;
				GCC_WARN_UNDECLARED_SELECTOR = YES;
				GCC_WARN_UNINITIALIZED_AUTOS = YES_AGGRESSIVE;
				GCC_WARN_UNUSED_FUNCTION = YES;
				GCC_WARN_UNUSED_VARIABLE = YES;
				IPHONEOS_DEPLOYMENT_TARGET = 12.1;
				MTL_ENABLE_DEBUG_INFO = NO;
				MTL_FAST_MATH = YES;
				SDKROOT = iphoneos;
				SWIFT_OPTIMIZATION_LEVEL = "-Owholemodule";
				VALIDATE_PRODUCT = YES;
			};
			name = Release;
		};
		CDDD237D1262EFD7A1A20B3A /* Debug */ = {
			isa = XCBuildConfiguration;
			buildSettings = {
				ALWAYS_SEARCH_USER_PATHS = NO;
				CLANG_ANALYZER_NONNULL = YES;
				CLANG_ANALYZER_NUMBER_OBJECT_CONVERSION = YES_AGGRESSIVE;
				CLANG_CXX_LANGUAGE_STANDARD = "gnu++14";
				CLANG_CXX_LIBRARY = "libc++";
				CLANG_ENABLE_MODULES = YES;
				CLANG_ENABLE_OBJC_ARC = YES;
				CLANG_ENABLE_OBJC_WEAK = YES;
				CLANG_WARN_BLOCK_CAPTURE_AUTORELEASING = YES;
				CLANG_WARN_BOOL_CONVERSION = YES;
				CLANG_WARN_COMMA = YES;
				CLANG_WARN_CONSTANT_CONVERSION = YES;
				CLANG_WARN_DEPRECATED_OBJC_IMPLEMENTATIONS = YES;
				CLANG_WARN_DIRECT_OBJC_ISA_USAGE = YES_ERROR;
				CLANG_WARN_DOCUMENTATION_COMMENTS = YES;
				CLANG_WARN_EMPTY_BODY = YES;
				CLANG_WARN_ENUM_CONVERSION = YES;
				CLANG_WARN_INFINITE_RECURSION = YES;
				CLANG_WARN_INT_CONVERSION = YES;
				CLANG_WARN_NON_LITERAL_NULL_CONVERSION = YES;
				CLANG_WARN_OBJC_IMPLICIT_RETAIN_SELF = YES;
				CLANG_WARN_OBJC_LITERAL_CONVERSION = YES;
				CLANG_WARN_OBJC_ROOT_CLASS = YES_ERROR;
				CLANG_WARN_RANGE_LOOP_ANALYSIS = YES;
				CLANG_WARN_STRICT_PROTOTYPES = YES;
				CLANG_WARN_SUSPICIOUS_MOVE = YES;
				CLANG_WARN_UNGUARDED_AVAILABILITY = YES_AGGRESSIVE;
				CLANG_WARN_UNREACHABLE_CODE = YES;
				CLANG_WARN__DUPLICATE_METHOD_MATCH = YES;
				CODE_SIGN_IDENTITY = "iPhone Developer";
				COPY_PHASE_STRIP = NO;
				DEBUG_INFORMATION_FORMAT = dwarf;
				ENABLE_STRICT_OBJC_MSGSEND = YES;
				ENABLE_TESTABILITY = YES;
				FRAMEWORK_SEARCH_PATHS = "$(SRCROOT)/**";
				GCC_C_LANGUAGE_STANDARD = gnu11;
				GCC_DYNAMIC_NO_PIC = NO;
				GCC_NO_COMMON_BLOCKS = YES;
				GCC_OPTIMIZATION_LEVEL = 0;
				GCC_PREPROCESSOR_DEFINITIONS = (
					"DEBUG=1",
					"$(inherited)",
				);
				GCC_WARN_64_TO_32_BIT_CONVERSION = YES;
				GCC_WARN_ABOUT_RETURN_TYPE = YES_ERROR;
				GCC_WARN_UNDECLARED_SELECTOR = YES;
				GCC_WARN_UNINITIALIZED_AUTOS = YES_AGGRESSIVE;
				GCC_WARN_UNUSED_FUNCTION = YES;
				GCC_WARN_UNUSED_VARIABLE = YES;
				IPHONEOS_DEPLOYMENT_TARGET = 12.1;
				MTL_ENABLE_DEBUG_INFO = INCLUDE_SOURCE;
				MTL_FAST_MATH = YES;
				ONLY_ACTIVE_ARCH = YES;
				SDKROOT = iphoneos;
				SWIFT_ACTIVE_COMPILATION_CONDITIONS = DEBUG;
				SWIFT_OPTIMIZATION_LEVEL = "-Onone";
			};
			name = Debug;
		};
		CDDD250DCAC1AF27350A5494 /* Release */ = {
			isa = XCBuildConfiguration;
			baseConfigurationReference = 10D57B117DC6C4E3E814921E /* Pods-StarTapped.release.xcconfig */;
			buildSettings = {
				ASSETCATALOG_COMPILER_APPICON_NAME = AppIcon;
				CODE_SIGN_IDENTITY = "iPhone Developer";
				CODE_SIGN_STYLE = Automatic;
				DEVELOPMENT_TEAM = UJ6Z2S37BA;
				INFOPLIST_FILE = StarTapped/Info.plist;
				IPHONEOS_DEPLOYMENT_TARGET = 12.1;
				LD_RUNPATH_SEARCH_PATHS = "$(inherited) @executable_path/Frameworks";
				PRODUCT_BUNDLE_IDENTIFIER = org.dreamexposure.StarTapped;
				PRODUCT_NAME = "$(TARGET_NAME)";
				PROVISIONING_PROFILE_SPECIFIER = "";
				SWIFT_VERSION = 4.2;
				TARGETED_DEVICE_FAMILY = "1,2";
			};
			name = Release;
		};
		CDDD27A0D4CBE1B80A8BBC7E /* Release */ = {
			isa = XCBuildConfiguration;
			baseConfigurationReference = 260D6363F27CBD911BB58F0F /* Pods-StarTappedTests.release.xcconfig */;
			buildSettings = {
				BUNDLE_LOADER = "$(BUILT_PRODUCTS_DIR)/StarTapped.app/StarTapped";
				INFOPLIST_FILE = StarTappedTests/Info.plist;
				LD_RUNPATH_SEARCH_PATHS = "$(inherited) @executable_path/Frameworks @loader_path/Frameworks";
				PRODUCT_BUNDLE_IDENTIFIER = org.dreamexposure.StarTappedTests;
				PRODUCT_NAME = "$(TARGET_NAME)";
				SWIFT_VERSION = 4.2;
				TARGETED_DEVICE_FAMILY = "1,2";
				TEST_HOST = "$(BUNDLE_LOADER)";
			};
			name = Release;
		};
		CDDD28E8566B7B313FF8EE89 /* Release */ = {
			isa = XCBuildConfiguration;
			baseConfigurationReference = 00E16CA059F87C408748EED7 /* Pods-StarTappedUITests.release.xcconfig */;
			buildSettings = {
				INFOPLIST_FILE = StarTappedUITests/Info.plist;
				LD_RUNPATH_SEARCH_PATHS = "$(inherited) @executable_path/Frameworks @loader_path/Frameworks";
				PRODUCT_BUNDLE_IDENTIFIER = org.dreamexposure.StarTappedUITests;
				PRODUCT_NAME = "$(TARGET_NAME)";
				SWIFT_VERSION = 4.2;
				TARGETED_DEVICE_FAMILY = "1,2";
				TEST_TARGET_NAME = StarTapped;
			};
			name = Release;
		};
		CDDD2B5A61A7F0A0993CB44A /* Debug */ = {
			isa = XCBuildConfiguration;
			baseConfigurationReference = F607EC0C33FEE7B17FADD069 /* Pods-StarTappedUITests.debug.xcconfig */;
			buildSettings = {
				INFOPLIST_FILE = StarTappedUITests/Info.plist;
				LD_RUNPATH_SEARCH_PATHS = "$(inherited) @executable_path/Frameworks @loader_path/Frameworks";
				PRODUCT_BUNDLE_IDENTIFIER = org.dreamexposure.StarTappedUITests;
				PRODUCT_NAME = "$(TARGET_NAME)";
				SWIFT_VERSION = 4.2;
				TARGETED_DEVICE_FAMILY = "1,2";
				TEST_TARGET_NAME = StarTapped;
			};
			name = Debug;
		};
		CDDD2CB3F291D71724FCD640 /* Debug */ = {
			isa = XCBuildConfiguration;
			baseConfigurationReference = 01100F17B25DE282A5408811 /* Pods-StarTapped.debug.xcconfig */;
			buildSettings = {
				ASSETCATALOG_COMPILER_APPICON_NAME = AppIcon;
				CODE_SIGN_IDENTITY = "iPhone Developer";
				CODE_SIGN_STYLE = Automatic;
				DEVELOPMENT_TEAM = UJ6Z2S37BA;
				INFOPLIST_FILE = StarTapped/Info.plist;
				IPHONEOS_DEPLOYMENT_TARGET = 12.1;
				LD_RUNPATH_SEARCH_PATHS = "$(inherited) @executable_path/Frameworks";
				PRODUCT_BUNDLE_IDENTIFIER = org.dreamexposure.StarTapped;
				PRODUCT_NAME = "$(TARGET_NAME)";
				PROVISIONING_PROFILE_SPECIFIER = "";
				SWIFT_VERSION = 4.2;
				TARGETED_DEVICE_FAMILY = "1,2";
			};
			name = Debug;
		};
		CDDD2D282B6AB34397B109C6 /* Debug */ = {
			isa = XCBuildConfiguration;
			baseConfigurationReference = 44AEF73B41A4088C7CD5E11E /* Pods-StarTappedTests.debug.xcconfig */;
			buildSettings = {
				BUNDLE_LOADER = "$(BUILT_PRODUCTS_DIR)/StarTapped.app/StarTapped";
				INFOPLIST_FILE = StarTappedTests/Info.plist;
				LD_RUNPATH_SEARCH_PATHS = "$(inherited) @executable_path/Frameworks @loader_path/Frameworks";
				PRODUCT_BUNDLE_IDENTIFIER = org.dreamexposure.StarTappedTests;
				PRODUCT_NAME = "$(TARGET_NAME)";
				SWIFT_VERSION = 4.2;
				TARGETED_DEVICE_FAMILY = "1,2";
				TEST_HOST = "$(BUNDLE_LOADER)";
			};
			name = Debug;
		};
/* End XCBuildConfiguration section */

/* Begin XCConfigurationList section */
		CDDD2170FE2FC35D524ABB24 /* Build configuration list for PBXProject "StarTapped" */ = {
			isa = XCConfigurationList;
			buildConfigurations = (
				CDDD237D1262EFD7A1A20B3A /* Debug */,
				CDDD207A47163AE6D962F3C6 /* Release */,
			);
			defaultConfigurationIsVisible = 0;
			defaultConfigurationName = Release;
		};
		CDDD2474A70F32010760B2EC /* Build configuration list for PBXNativeTarget "StarTapped" */ = {
			isa = XCConfigurationList;
			buildConfigurations = (
				CDDD2CB3F291D71724FCD640 /* Debug */,
				CDDD250DCAC1AF27350A5494 /* Release */,
			);
			defaultConfigurationIsVisible = 0;
			defaultConfigurationName = Release;
		};
		CDDD25E33DC5B3CB841A5144 /* Build configuration list for PBXNativeTarget "StarTappedTests" */ = {
			isa = XCConfigurationList;
			buildConfigurations = (
				CDDD2D282B6AB34397B109C6 /* Debug */,
				CDDD27A0D4CBE1B80A8BBC7E /* Release */,
			);
			defaultConfigurationIsVisible = 0;
			defaultConfigurationName = Release;
		};
		CDDD2B281EDDCCC51DA7CF8A /* Build configuration list for PBXNativeTarget "StarTappedUITests" */ = {
			isa = XCConfigurationList;
			buildConfigurations = (
				CDDD2B5A61A7F0A0993CB44A /* Debug */,
				CDDD28E8566B7B313FF8EE89 /* Release */,
			);
			defaultConfigurationIsVisible = 0;
			defaultConfigurationName = Release;
		};
/* End XCConfigurationList section */
	};
	rootObject = CDDD22654E371FE29094CA45 /* Project object */;
}
